{
  "name": "TindTerroir",
  "lockfileVersion": 3,
  "requires": true,
  "packages": {
    "": {
      "dependencies": {
        "@react-spring/web": "^9.5.5",
        "react-tinder-card": "^1.6.4"
      }
    },
    "node_modules/@react-spring/animated": {
      "version": "9.5.5",
      "resolved": "https://registry.npmjs.org/@react-spring/animated/-/animated-9.5.5.tgz",
      "integrity": "sha512-glzViz7syQ3CE6BQOwAyr75cgh0qsihm5lkaf24I0DfU63cMm/3+br299UEYkuaHNmfDfM414uktiPlZCNJbQA==",
      "license": "MIT",
      "dependencies": {
        "@react-spring/shared": "~9.5.5",
        "@react-spring/types": "~9.5.5"
      },
      "peerDependencies": {
        "react": "^16.8.0 || ^17.0.0 || ^18.0.0"
      }
    },
    "node_modules/@react-spring/core": {
      "version": "9.5.5",
      "resolved": "https://registry.npmjs.org/@react-spring/core/-/core-9.5.5.tgz",
      "integrity": "sha512-shaJYb3iX18Au6gkk8ahaF0qx0LpS0Yd+ajb4asBaAQf6WPGuEdJsbsNSgei1/O13JyEATsJl20lkjeslJPMYA==",
      "license": "MIT",
      "dependencies": {
        "@react-spring/animated": "~9.5.5",
        "@react-spring/rafz": "~9.5.5",
        "@react-spring/shared": "~9.5.5",
        "@react-spring/types": "~9.5.5"
      },
      "funding": {
        "type": "opencollective",
        "url": "https://opencollective.com/react-spring/donate"
      },
      "peerDependencies": {
        "react": "^16.8.0 || ^17.0.0 || ^18.0.0"
      }
    },
    "node_modules/@react-spring/rafz": {
      "version": "9.5.5",
      "resolved": "https://registry.npmjs.org/@react-spring/rafz/-/rafz-9.5.5.tgz",
      "integrity": "sha512-F/CLwB0d10jL6My5vgzRQxCNY2RNyDJZedRBK7FsngdCmzoq3V4OqqNc/9voJb9qRC2wd55oGXUeXv2eIaFmsw==",
      "license": "MIT"
    },
    "node_modules/@react-spring/shared": {
      "version": "9.5.5",
      "resolved": "https://registry.npmjs.org/@react-spring/shared/-/shared-9.5.5.tgz",
      "integrity": "sha512-YwW70Pa/YXPOwTutExHZmMQSHcNC90kJOnNR4G4mCDNV99hE98jWkIPDOsgqbYx3amIglcFPiYKMaQuGdr8dyQ==",
      "license": "MIT",
      "dependencies": {
        "@react-spring/rafz": "~9.5.5",
        "@react-spring/types": "~9.5.5"
      },
      "peerDependencies": {
        "react": "^16.8.0 || ^17.0.0 || ^18.0.0"
      }
    },
    "node_modules/@react-spring/types": {
      "version": "9.5.5",
      "resolved": "https://registry.npmjs.org/@react-spring/types/-/types-9.5.5.tgz",
      "integrity": "sha512-7I/qY8H7Enwasxr4jU6WmtNK+RZ4Z/XvSlDvjXFVe7ii1x0MoSlkw6pD7xuac8qrHQRm9BTcbZNyeeKApYsvCg==",
      "license": "MIT"
    },
    "node_modules/@react-spring/web": {
      "version": "9.5.5",
      "resolved": "https://registry.npmjs.org/@react-spring/web/-/web-9.5.5.tgz",
      "integrity": "sha512-+moT8aDX/ho/XAhU+HRY9m0LVV9y9CK6NjSRaI+30Re150pB3iEip6QfnF4qnhSCQ5drpMF0XRXHgOTY/xbtFw==",
      "license": "MIT",
      "dependencies": {
        "@react-spring/animated": "~9.5.5",
        "@react-spring/core": "~9.5.5",
        "@react-spring/shared": "~9.5.5",
        "@react-spring/types": "~9.5.5"
      },
      "peerDependencies": {
        "react": "^16.8.0 || ^17.0.0 || ^18.0.0",
        "react-dom": "^16.8.0 || ^17.0.0 || ^18.0.0"
      }
    },
    "node_modules/p-sleep": {
      "version": "1.1.0",
      "resolved": "https://registry.npmjs.org/p-sleep/-/p-sleep-1.1.0.tgz",
      "integrity": "sha512-bwP3GKZirBUYMtiUuBrheLUQdRXVeE/pmHOaLpNJzNfAD4b5AjDn6l823brXcQFade4G/g7GMNQ3KV86E8EaEw==",
      "license": "MIT"
    },
    "node_modules/react-tinder-card": {
      "version": "1.6.4",
      "resolved": "https://registry.npmjs.org/react-tinder-card/-/react-tinder-card-1.6.4.tgz",
      "integrity": "sha512-IC6YXoBZ+51jm7XsT8i+8G/ov8rvAob+kBRdp9unQyjsLc7jmuYb1cNfu95Q3mdFDgwE0AzTIyl1o2Klm61+aQ==",
      "license": "MIT",
      "dependencies": {
        "p-sleep": "^1.1.0"
      },
      "peerDependencies": {
        "@react-spring/native": "^9.5.5",
        "@react-spring/web": "^9.5.5",
        "react": "^16.8.0 || ^17.0.0 || ^18.0.0"
      },
      "peerDependenciesMeta": {
        "@react-spring/native": {
          "optional": true
        },
        "@react-spring/web": {
          "optional": true
        }
      }
    }
  }
}
